github.com/transcriptaze/taps2beats v0.0.0-20210211013543-fb1ad2190010 h1:NIod1fAD5LaYju5IPu41plgJ/qtNnZE18e3qHnef6us=
github.com/transcriptaze/taps2beats v0.0.0-20210211013543-fb1ad2190010/go.mod h1:VvD3fS4HlOfLiaOHclZyjUHuLfeO9S36nEQ9DnvTyYA=
github.com/transcriptaze/taps2beats v0.0.0-20210213001722-fbb613080dbe h1:z6t4N6VCTjKigCd1jaOtxt6qBTDC+duKvPW+J1MI/h8=
github.com/transcriptaze/taps2beats v0.0.0-20210213001722-fbb613080dbe/go.mod h1:VvD3fS4HlOfLiaOHclZyjUHuLfeO9S36nEQ9DnvTyYA=
